
Microsoft Visual Studio Solution File, Format Version 12.00
# Visual Studio Version 17
VisualStudioVersion = 17.14.36327.8
MinimumVisualStudioVersion = 10.0.40219.1
Project("{FAE04EC0-301F-11D3-BF4B-00C04F79EFBC}") = "BlazorWebAppWebAssemblyRender", "BlazorWebAppWebAssemblyRender\BlazorWebAppWebAssemblyRender\BlazorWebAppWebAssemblyRender.csproj", "{EDD355B1-346D-4A20-80B8-CCA6CA15F19B}"
EndProject
Project("{FAE04EC0-301F-11D3-BF4B-00C04F79EFBC}") = "BlazorWebAppWebAssemblyRender.Client", "BlazorWebAppWebAssemblyRender\BlazorWebAppWebAssemblyRender.Client\BlazorWebAppWebAssemblyRender.Client.csproj", "{0301A409-6D27-4E81-9E51-C20673ECB643}"
EndProject
Project("{2150E333-8FDC-42A3-9474-1A3956D46DE8}") = "WebServerAppWebAssemblyRender", "WebServerAppWebAssemblyRender", "{02EA681E-C7D8-13C7-8484-4AC65E1B71E8}"
EndProject
Project("{2150E333-8FDC-42A3-9474-1A3956D46DE8}") = "AspNetOpenID", "AspNetOpenID", "{D8305E80-14D6-48AC-8CE3-995E9197A8AB}"
EndProject
Project("{FAE04EC0-301F-11D3-BF4B-00C04F79EFBC}") = "AspNetOpenID", "AspNet\AspNetOpenID\AspNetOpenID.csproj", "{30764F68-151C-466A-9A05-2B9CFBDF7A36}"
EndProject
Project("{2150E333-8FDC-42A3-9474-1A3956D46DE8}") = "BlazorOidc", "BlazorOidc", "{B836E2C7-8D15-4A41-8A76-AE410D533D72}"
EndProject
Project("{FAE04EC0-301F-11D3-BF4B-00C04F79EFBC}") = "BlazorKeyCloak", "BlazorOidc\BlazorKeyCloak\BlazorKeyCloak\BlazorKeyCloak.csproj", "{266C820E-C405-4688-BECA-D8E0FB8CD404}"
EndProject
Project("{FAE04EC0-301F-11D3-BF4B-00C04F79EFBC}") = "BlazorKeyCloak.Client", "BlazorOidc\BlazorKeyCloak\BlazorKeyCloak.Client\BlazorKeyCloak.Client.csproj", "{192CCA4A-1C69-4A3C-A11E-17F89071A6A5}"
EndProject
Project("{FAE04EC0-301F-11D3-BF4B-00C04F79EFBC}") = "BlazorKeyCloak.Data", "BlazorOidc\BlazorKeyCloak\BlazorKeyCloak.Data\BlazorKeyCloak.Data.csproj", "{A1D05E21-417F-4305-9A68-F2A4119EA598}"
EndProject
Global
	GlobalSection(SolutionConfigurationPlatforms) = preSolution
		Debug|Any CPU = Debug|Any CPU
		Release|Any CPU = Release|Any CPU
	EndGlobalSection
	GlobalSection(ProjectConfigurationPlatforms) = postSolution
		{EDD355B1-346D-4A20-80B8-CCA6CA15F19B}.Debug|Any CPU.ActiveCfg = Debug|Any CPU
		{EDD355B1-346D-4A20-80B8-CCA6CA15F19B}.Debug|Any CPU.Build.0 = Debug|Any CPU
		{EDD355B1-346D-4A20-80B8-CCA6CA15F19B}.Release|Any CPU.ActiveCfg = Release|Any CPU
		{EDD355B1-346D-4A20-80B8-CCA6CA15F19B}.Release|Any CPU.Build.0 = Release|Any CPU
		{0301A409-6D27-4E81-9E51-C20673ECB643}.Debug|Any CPU.ActiveCfg = Debug|Any CPU
		{0301A409-6D27-4E81-9E51-C20673ECB643}.Debug|Any CPU.Build.0 = Debug|Any CPU
		{0301A409-6D27-4E81-9E51-C20673ECB643}.Release|Any CPU.ActiveCfg = Release|Any CPU
		{0301A409-6D27-4E81-9E51-C20673ECB643}.Release|Any CPU.Build.0 = Release|Any CPU
		{30764F68-151C-466A-9A05-2B9CFBDF7A36}.Debug|Any CPU.ActiveCfg = Debug|Any CPU
		{30764F68-151C-466A-9A05-2B9CFBDF7A36}.Debug|Any CPU.Build.0 = Debug|Any CPU
		{30764F68-151C-466A-9A05-2B9CFBDF7A36}.Release|Any CPU.ActiveCfg = Release|Any CPU
		{30764F68-151C-466A-9A05-2B9CFBDF7A36}.Release|Any CPU.Build.0 = Release|Any CPU
		{266C820E-C405-4688-BECA-D8E0FB8CD404}.Debug|Any CPU.ActiveCfg = Debug|Any CPU
		{266C820E-C405-4688-BECA-D8E0FB8CD404}.Debug|Any CPU.Build.0 = Debug|Any CPU
		{266C820E-C405-4688-BECA-D8E0FB8CD404}.Release|Any CPU.ActiveCfg = Release|Any CPU
		{266C820E-C405-4688-BECA-D8E0FB8CD404}.Release|Any CPU.Build.0 = Release|Any CPU
		{192CCA4A-1C69-4A3C-A11E-17F89071A6A5}.Debug|Any CPU.ActiveCfg = Debug|Any CPU
		{192CCA4A-1C69-4A3C-A11E-17F89071A6A5}.Debug|Any CPU.Build.0 = Debug|Any CPU
		{192CCA4A-1C69-4A3C-A11E-17F89071A6A5}.Release|Any CPU.ActiveCfg = Release|Any CPU
		{192CCA4A-1C69-4A3C-A11E-17F89071A6A5}.Release|Any CPU.Build.0 = Release|Any CPU
		{A1D05E21-417F-4305-9A68-F2A4119EA598}.Debug|Any CPU.ActiveCfg = Debug|Any CPU
		{A1D05E21-417F-4305-9A68-F2A4119EA598}.Debug|Any CPU.Build.0 = Debug|Any CPU
		{A1D05E21-417F-4305-9A68-F2A4119EA598}.Release|Any CPU.ActiveCfg = Release|Any CPU
		{A1D05E21-417F-4305-9A68-F2A4119EA598}.Release|Any CPU.Build.0 = Release|Any CPU
	EndGlobalSection
	GlobalSection(SolutionProperties) = preSolution
		HideSolutionNode = FALSE
	EndGlobalSection
	GlobalSection(NestedProjects) = preSolution
		{EDD355B1-346D-4A20-80B8-CCA6CA15F19B} = {02EA681E-C7D8-13C7-8484-4AC65E1B71E8}
		{0301A409-6D27-4E81-9E51-C20673ECB643} = {02EA681E-C7D8-13C7-8484-4AC65E1B71E8}
		{30764F68-151C-466A-9A05-2B9CFBDF7A36} = {D8305E80-14D6-48AC-8CE3-995E9197A8AB}
		{266C820E-C405-4688-BECA-D8E0FB8CD404} = {B836E2C7-8D15-4A41-8A76-AE410D533D72}
		{192CCA4A-1C69-4A3C-A11E-17F89071A6A5} = {B836E2C7-8D15-4A41-8A76-AE410D533D72}
		{A1D05E21-417F-4305-9A68-F2A4119EA598} = {B836E2C7-8D15-4A41-8A76-AE410D533D72}
	EndGlobalSection
	GlobalSection(ExtensibilityGlobals) = postSolution
		SolutionGuid = {C745ADE7-4D2F-4B3F-B951-3E0CE5C8C874}
	EndGlobalSection
EndGlobal
